// !$*UTF8*$!
{
	archiveVersion = 1;
	classes = {
	};
	objectVersion = 46;
	objects = {

/* Begin PBXBuildFile section */
		B227AB461D032C250013BA7E /* AppDelegate.swift in Sources */ = {isa = PBXBuildFile; fileRef = B227AB451D032C250013BA7E /* AppDelegate.swift */; };
		B227AB4B1D032C250013BA7E /* Main.storyboard in Resources */ = {isa = PBXBuildFile; fileRef = B227AB491D032C250013BA7E /* Main.storyboard */; };
		B227AB4D1D032C250013BA7E /* Assets.xcassets in Resources */ = {isa = PBXBuildFile; fileRef = B227AB4C1D032C250013BA7E /* Assets.xcassets */; };
		B227AB501D032C250013BA7E /* LaunchScreen.storyboard in Resources */ = {isa = PBXBuildFile; fileRef = B227AB4E1D032C250013BA7E /* LaunchScreen.storyboard */; };
		B227AB5A1D0332440013BA7E /* FirstViewController.swift in Sources */ = {isa = PBXBuildFile; fileRef = B227AB591D0332440013BA7E /* FirstViewController.swift */; };
		B227AB5C1D0332560013BA7E /* SecondViewController.swift in Sources */ = {isa = PBXBuildFile; fileRef = B227AB5B1D0332560013BA7E /* SecondViewController.swift */; };
/* End PBXBuildFile section */

/* Begin PBXFileReference section */
		B227AB421D032C250013BA7E /* Swift06-passing-data.app */ = {isa = PBXFileReference; explicitFileType = wrapper.application; includeInIndex = 0; path = "Swift06-passing-data.app"; sourceTree = BUILT_PRODUCTS_DIR; };
		B227AB451D032C250013BA7E /* AppDelegate.swift */ = {isa = PBXFileReference; lastKnownFileType = sourcecode.swift; path = AppDelegate.swift; sourceTree = "<group>"; };
		B227AB4A1D032C250013BA7E /* Base */ = {isa = PBXFileReference; lastKnownFileType = file.storyboard; name = Base; path = Base.lproj/Main.storyboard; sourceTree = "<group>"; };
		B227AB4C1D032C250013BA7E /* Assets.xcassets */ = {isa = PBXFileReference; lastKnownFileType = folder.assetcatalog; path = Assets.xcassets; sourceTree = "<group>"; };
		B227AB4F1D032C250013BA7E /* Base */ = {isa = PBXFileReference; lastKnownFileType = file.storyboard; name = Base; path = Base.lproj/LaunchScreen.storyboard; sourceTree = "<group>"; };
		B227AB511D032C250013BA7E /* Info.plist */ = {isa = PBXFileReference; lastKnownFileType = text.plist.xml; path = Info.plist; sourceTree = "<group>"; };
		B227AB591D0332440013BA7E /* FirstViewController.swift */ = {isa = PBXFileReference; fileEncoding = 4; lastKnownFileType = sourcecode.swift; path = FirstViewController.swift; sourceTree = "<group>"; };
		B227AB5B1D0332560013BA7E /* SecondViewController.swift */ = {isa = PBXFileReference; fileEncoding = 4; lastKnownFileType = sourcecode.swift; path = SecondViewController.swift; sourceTree = "<group>"; };
/* End PBXFileReference section */

/* Begin PBXFrameworksBuildPhase section */
		B227AB3F1D032C250013BA7E /* Frameworks */ = {
			isa = PBXFrameworksBuildPhase;
			buildActionMask = 2147483647;
			files = (
			);
			runOnlyForDeploymentPostprocessing = 0;
		};
/* End PBXFrameworksBuildPhase section */

/* Begin PBXGroup section */
		B227AB391D032C250013BA7E = {
			isa = PBXGroup;
			children = (
				B227AB441D032C250013BA7E /* Swift06-passing-data */,
				B227AB431D032C250013BA7E /* Products */,
			);
			sourceTree = "<group>";
		};
		B227AB431D032C250013BA7E /* Products */ = {
			isa = PBXGroup;
			children = (
				B227AB421D032C250013BA7E /* Swift06-passing-data.app */,
			);
			name = Products;
			sourceTree = "<group>";
		};
		B227AB441D032C250013BA7E /* Swift06-passing-data */ = {
			isa = PBXGroup;
			children = (
				B227AB591D0332440013BA7E /* FirstViewController.swift */,
				B227AB5B1D0332560013BA7E /* SecondViewController.swift */,
				B227AB451D032C250013BA7E /* AppDelegate.swift */,
				B227AB491D032C250013BA7E /* Main.storyboard */,
				B227AB4C1D032C250013BA7E /* Assets.xcassets */,
				B227AB4E1D032C250013BA7E /* LaunchScreen.storyboard */,
				B227AB511D032C250013BA7E /* Info.plist */,
			);
			path = "Swift06-passing-data";
			sourceTree = "<group>";
		};
/* End PBXGroup section */

/* Begin PBXNativeTarget section */
		B227AB411D032C250013BA7E /* Swift06-passing-data */ = {
			isa = PBXNativeTarget;
			buildConfigurationList = B227AB541D032C250013BA7E /* Build configuration list for PBXNativeTarget "Swift06-passing-data" */;
			buildPhases = (
				B227AB3E1D032C250013BA7E /* Sources */,
				B227AB3F1D032C250013BA7E /* Frameworks */,
				B227AB401D032C250013BA7E /* Resources */,
			);
			buildRules = (
			);
			dependencies = (
			);
			name = "Swift06-passing-data";
			productName = "Swift06-passing-data";
			productReference = B227AB421D032C250013BA7E /* Swift06-passing-data.app */;
			productType = "com.apple.product-type.application";
		};
/* End PBXNativeTarget section */

/* Begin PBXProject section */
		B227AB3A1D032C250013BA7E /* Project object */ = {
			isa = PBXProject;
			attributes = {
				LastSwiftUpdateCheck = 0730;
				LastUpgradeCheck = 0730;
				ORGANIZATIONNAME = guox.in;
				TargetAttributes = {
					B227AB411D032C250013BA7E = {
						CreatedOnToolsVersion = 7.3.1;
					};
				};
			};
			buildConfigurationList = B227AB3D1D032C250013BA7E /* Build configuration list for PBXProject "Swift06-passing-data" */;
			compatibilityVersion = "Xcode 3.2";
			developmentRegion = English;
			hasScannedForEncodings = 0;
			knownRegions = (
				en,
				Base,
			);
			mainGroup = B227AB391D032C250013BA7E;
			productRefGroup = B227AB431D032C250013BA7E /* Products */;
			projectDirPath = "";
			projectRoot = "";
			targets = (
				B227AB411D032C250013BA7E /* Swift06-passing-data */,
			);
		};
/* End PBXProject section */

/* Begin PBXResourcesBuildPhase section */
		B227AB401D032C250013BA7E /* Resources */ = {
			isa = PBXResourcesBuildPhase;
			buildActionMask = 2147483647;
			files = (
				B227AB501D032C250013BA7E /* LaunchScreen.storyboard in Resources */,
				B227AB4D1D032C250013BA7E /* Assets.xcassets in Resources */,
				B227AB4B1D032C250013BA7E /* Main.storyboard in Resources */,
			);
			runOnlyForDeploymentPostprocessing = 0;
		};
/* End PBXResourcesBuildPhase section */

/* Begin PBXSourcesBuildPhase section */
		B227AB3E1D032C250013BA7E /* Sources */ = {
			isa = PBXSourcesBuildPhase;
			buildActionMask = 2147483647;
			files = (
				B227AB5C1D0332560013BA7E /* SecondViewController.swift in Sources */,
				B227AB461D032C250013BA7E /* AppDelegate.swift in Sources */,
				B227AB5A1D0332440013BA7E /* FirstViewController.swift in Sources */,
			);
			runOnlyForDeploymentPostprocessing = 0;
		};
/* End PBXSourcesBuildPhase section */

/* Begin PBXVariantGroup section */
		B227AB491D032C250013BA7E /* Main.storyboard */ = {
			isa = PBXVariantGroup;
			children = (
				B227AB4A1D032C250013BA7E /* Base */,
			);
			name = Main.storyboard;
			sourceTree = "<group>";
		};
		B227AB4E1D032C250013BA7E /* LaunchScreen.storyboard */ = {
			isa = PBXVariantGroup;
			children = (
				B227AB4F1D032C250013BA7E /* Base */,
			);
			name = LaunchScreen.storyboard;
			sourceTree = "<group>";
		};
/* End PBXVariantGroup section */

/* Begin XCBuildConfiguration section */
		B227AB521D032C250013BA7E /* Debug */ = {
			isa = XCBuildConfiguration;
			buildSettings = {
				ALWAYS_SEARCH_USER_PATHS = NO;
				CLANG_ANALYZER_NONNULL = YES;
				CLANG_CXX_LANGUAGE_STANDARD = "gnu++0x";
				CLANG_CXX_LIBRARY = "libc++";
				CLANG_ENABLE_MODULES = YES;
				CLANG_ENABLE_OBJC_ARC = YES;
				CLANG_WARN_BOOL_CONVERSION = YES;
				CLANG_WARN_CONSTANT_CONVERSION = YES;
				CLANG_WARN_DIRECT_OBJC_ISA_USAGE = YES_ERROR;
				CLANG_WARN_EMPTY_BODY = YES;
				CLANG_WARN_ENUM_CONVERSION = YES;
				CLANG_WARN_INT_CONVERSION = YES;
				CLANG_WARN_OBJC_ROOT_CLASS = YES_ERROR;
				CLANG_WARN_UNREACHABLE_CODE = YES;
				CLANG_WARN__DUPLICATE_METHOD_MATCH = YES;
				"CODE_SIGN_IDENTITY[sdk=iphoneos*]" = "iPhone Developer";
				COPY_PHASE_STRIP = NO;
				DEBUG_INFORMATION_FORMAT = dwarf;
				ENABLE_STRICT_OBJC_MSGSEND = YES;
				ENABLE_TESTABILITY = YES;
				GCC_C_LANGUAGE_STANDARD = gnu99;
				GCC_DYNAMIC_NO_PIC = NO;
				GCC_NO_COMMON_BLOCKS = YES;
				GCC_OPTIMIZATION_LEVEL = 0;
				GCC_PREPROCESSOR_DEFINITIONS = (
					"DEBUG=1",
					"$(inherited)",
				);
				GCC_WARN_64_TO_32_BIT_CONVERSION = YES;
				GCC_WARN_ABOUT_RETURN_TYPE = YES_ERROR;
				GCC_WARN_UNDECLARED_SELECTOR = YES;
				GCC_WARN_UNINITIALIZED_AUTOS = YES_AGGRESSIVE;
				GCC_WARN_UNUSED_FUNCTION = YES;
				GCC_WARN_UNUSED_VARIABLE = YES;
				IPHONEOS_DEPLOYMENT_TARGET = 9.3;
				MTL_ENABLE_DEBUG_INFO = YES;
				ONLY_ACTIVE_ARCH = YES;
				SDKROOT = iphoneos;
				SWIFT_OPTIMIZATION_LEVEL = "-Onone";
				TARGETED_DEVICE_FAMILY = "1,2";
			};
			name = Debug;
		};
		B227AB531D032C250013BA7E /* Release */ = {
			isa = XCBuildConfiguration;
			buildSettings = {
				ALWAYS_SEARCH_USER_PATHS = NO;
				CLANG_ANALYZER_NONNULL = YES;
				CLANG_CXX_LANGUAGE_STANDARD = "gnu++0x";
				CLANG_CXX_LIBRARY = "libc++";
				CLANG_ENABLE_MODULES = YES;
				CLANG_ENABLE_OBJC_ARC = YES;
				CLANG_WARN_BOOL_CONVERSION = YES;
				CLANG_WARN_CONSTANT_CONVERSION = YES;
				CLANG_WARN_DIRECT_OBJC_ISA_USAGE = YES_ERROR;
				CLANG_WARN_EMPTY_BODY = YES;
				CLANG_WARN_ENUM_CONVERSION = YES;
				CLANG_WARN_INT_CONVERSION = YES;
				CLANG_WARN_OBJC_ROOT_CLASS = YES_ERROR;
				CLANG_WARN_UNREACHABLE_CODE = YES;
				CLANG_WARN__DUPLICATE_METHOD_MATCH = YES;
				"CODE_SIGN_IDENTITY[sdk=iphoneos*]" = "iPhone Developer";
				COPY_PHASE_STRIP = NO;
				DEBUG_INFORMATION_FORMAT = "dwarf-with-dsym";
				ENABLE_NS_ASSERTIONS = NO;
				ENABLE_STRICT_OBJC_MSGSEND = YES;
				GCC_C_LANGUAGE_STANDARD = gnu99;
				GCC_NO_COMMON_BLOCKS = YES;
				GCC_WARN_64_TO_32_BIT_CONVERSION = YES;
				GCC_WARN_ABOUT_RETURN_TYPE = YES_ERROR;
				GCC_WARN_UNDECLARED_SELECTOR = YES;
				GCC_WARN_UNINITIALIZED_AUTOS = YES_AGGRESSIVE;
				GCC_WARN_UNUSED_FUNCTION = YES;
				GCC_WARN_UNUSED_VARIABLE = YES;
				IPHONEOS_DEPLOYMENT_TARGET = 9.3;
				MTL_ENABLE_DEBUG_INFO = NO;
				SDKROOT = iphoneos;
				TARGETED_DEVICE_FAMILY = "1,2";
				VALIDATE_PRODUCT = YES;
			};
			name = Release;
		};
		B227AB551D032C250013BA7E /* Debug */ = {
			isa = XCBuildConfiguration;
			buildSettings = {
				ASSETCATALOG_COMPILER_APPICON_NAME = AppIcon;
				INFOPLIST_FILE = "Swift06-passing-data/Info.plist";
				LD_RUNPATH_SEARCH_PATHS = "$(inherited) @executable_path/Frameworks";
				PRODUCT_BUNDLE_IDENTIFIER = "guox.in.Swift06-passing-data";
				PRODUCT_NAME = "$(TARGET_NAME)";
			};
			name = Debug;
		};
		B227AB561D032C250013BA7E /* Release */ = {
			isa = XCBuildConfiguration;
			buildSettings = {
				ASSETCATALOG_COMPILER_APPICON_NAME = AppIcon;
				INFOPLIST_FILE = "Swift06-passing-data/Info.plist";
				LD_RUNPATH_SEARCH_PATHS = "$(inherited) @executable_path/Frameworks";
				PRODUCT_BUNDLE_IDENTIFIER = "guox.in.Swift06-passing-data";
				PRODUCT_NAME = "$(TARGET_NAME)";
			};
			name = Release;
		};
/* End XCBuildConfiguration section */

/* Begin XCConfigurationList section */
		B227AB3D1D032C250013BA7E /* Build configuration list for PBXProject "Swift06-passing-data" */ = {
			isa = XCConfigurationList;
			buildConfigurations = (
				B227AB521D032C250013BA7E /* Debug */,
				B227AB531D032C250013BA7E /* Release */,
			);
			defaultConfigurationIsVisible = 0;
			defaultConfigurationName = Release;
		};
		B227AB541D032C250013BA7E /* Build configuration list for PBXNativeTarget "Swift06-passing-data" */ = {
			isa = XCConfigurationList;
			buildConfigurations = (
				B227AB551D032C250013BA7E /* Debug */,
				B227AB561D032C250013BA7E /* Release */,
			);
			defaultConfigurationIsVisible = 0;
		};
/* End XCConfigurationList section */
	};
	rootObject = B227AB3A1D032C250013BA7E /* Project object */;
}
